
Microsoft Visual Studio Solution File, Format Version 12.00
# Visual Studio 14
VisualStudioVersion = 14.0.25420.1
MinimumVisualStudioVersion = 10.0.40219.1
Project("{FAE04EC0-301F-11D3-BF4B-00C04F79EFBC}") = "Store.Web", "Store.Web\Store.Web.csproj", "{4217CB23-2106-4A5C-9F0B-BA1D4510925B}"
EndProject
Project("{FAE04EC0-301F-11D3-BF4B-00C04F79EFBC}") = "Store.Domain", "Store.Domain\Store.Domain.csproj", "{822414EF-BCF9-46DF-9D80-E73AA99E1A28}"
EndProject
Project("{FAE04EC0-301F-11D3-BF4B-00C04F79EFBC}") = "Store.Common", "Store.Common\Store.Common.csproj", "{38713C0D-C770-4A53-9392-FFAD7C4D64AD}"
EndProject
Global
	GlobalSection(SolutionConfigurationPlatforms) = preSolution
		Debug|Any CPU = Debug|Any CPU
		Release|Any CPU = Release|Any CPU
	EndGlobalSection
	GlobalSection(ProjectConfigurationPlatforms) = postSolution
		{4217CB23-2106-4A5C-9F0B-BA1D4510925B}.Debug|Any CPU.ActiveCfg = Debug|Any CPU
		{4217CB23-2106-4A5C-9F0B-BA1D4510925B}.Debug|Any CPU.Build.0 = Debug|Any CPU
		{4217CB23-2106-4A5C-9F0B-BA1D4510925B}.Release|Any CPU.ActiveCfg = Release|Any CPU
		{4217CB23-2106-4A5C-9F0B-BA1D4510925B}.Release|Any CPU.Build.0 = Release|Any CPU
		{822414EF-BCF9-46DF-9D80-E73AA99E1A28}.Debug|Any CPU.ActiveCfg = Debug|Any CPU
		{822414EF-BCF9-46DF-9D80-E73AA99E1A28}.Debug|Any CPU.Build.0 = Debug|Any CPU
		{822414EF-BCF9-46DF-9D80-E73AA99E1A28}.Release|Any CPU.ActiveCfg = Release|Any CPU
		{822414EF-BCF9-46DF-9D80-E73AA99E1A28}.Release|Any CPU.Build.0 = Release|Any CPU
		{38713C0D-C770-4A53-9392-FFAD7C4D64AD}.Debug|Any CPU.ActiveCfg = Debug|Any CPU
		{38713C0D-C770-4A53-9392-FFAD7C4D64AD}.Debug|Any CPU.Build.0 = Debug|Any CPU
		{38713C0D-C770-4A53-9392-FFAD7C4D64AD}.Release|Any CPU.ActiveCfg = Release|Any CPU
		{38713C0D-C770-4A53-9392-FFAD7C4D64AD}.Release|Any CPU.Build.0 = Release|Any CPU
	EndGlobalSection
	GlobalSection(SolutionProperties) = preSolution
		HideSolutionNode = FALSE
	EndGlobalSection
EndGlobal
